
Microsoft Visual Studio Solution File, Format Version 12.00
# Visual Studio Version 17
VisualStudioVersion = 17.8.34316.72
MinimumVisualStudioVersion = 10.0.40219.1
Project("{2150E333-8FDC-42A3-9474-1A3956D46DE8}") = "Infrastructure", "Infrastructure", "{4520C712-5FB0-4355-8500-4183E19DE7F5}"
EndProject
Project("{2150E333-8FDC-42A3-9474-1A3956D46DE8}") = "Web", "Web", "{6CB0B485-798D-4A14-924B-3CB8293ADEA3}"
EndProject
Project("{2150E333-8FDC-42A3-9474-1A3956D46DE8}") = "Core", "Core", "{B6C531E3-90E7-4414-9412-240E300C788C}"
EndProject
Project("{2150E333-8FDC-42A3-9474-1A3956D46DE8}") = "Spa", "Spa", "{A943EC1D-63EA-4A31-A0AA-097870D27604}"
EndProject
Project("{2150E333-8FDC-42A3-9474-1A3956D46DE8}") = "Api", "Api", "{5BF6415A-D4B8-4A91-9804-1EDE2E925818}"
EndProject
Project("{9A19103F-16F7-4668-BE54-9A1E7A4F7556}") = "PulseActiveShop.Dal.Sql", "Infrastructure\PulseActiveShop.Dal.Sql\PulseActiveShop.Dal.Sql.csproj", "{A0B56DDD-F6B6-4564-8313-9A4AFB13C48A}"
EndProject
Project("{00D1A9C2-B5F0-4AF3-8072-F6C62B433612}") = "PulseActiveShop.Sql.Database", "Infrastructure\PulseActiveShop.Sql.Database\PulseActiveShop.Sql.Database.sqlproj", "{1F32A447-98BC-4B2F-86C0-7E6AA92BDD86}"
EndProject
Project("{9A19103F-16F7-4668-BE54-9A1E7A4F7556}") = "PulseActiveShop.Web.Mvc", "Web\PulseActiveShop.Web.Mvc\PulseActiveShop.Web.Mvc.csproj", "{AAF9DB32-7C93-4B65-864A-9CF03CB5EBFB}"
EndProject
Project("{9A19103F-16F7-4668-BE54-9A1E7A4F7556}") = "PulseActiveShop.Core", "Core\PulseActiveShop.Core\PulseActiveShop.Core.csproj", "{97023B07-6260-4F0E-81FA-4DD0A69EEC2F}"
EndProject
Project("{FAE04EC0-301F-11D3-BF4B-00C04F79EFBC}") = "PulseActiveShop.Application.Services", "Core\PulseActiveShop.Application.Services\PulseActiveShop.Application.Services.csproj", "{B27A8528-C01E-4B76-A95B-55CE3F0D4B0F}"
EndProject
Project("{FAE04EC0-301F-11D3-BF4B-00C04F79EFBC}") = "PulseActiveShop.Api", "Api\PulseActiveShop.Api\PulseActiveShop.Api.csproj", "{812B2C49-5D1E-4BEF-BBAA-34A39FFEB2A0}"
EndProject
Global
	GlobalSection(SolutionConfigurationPlatforms) = preSolution
		Debug|Any CPU = Debug|Any CPU
		Release|Any CPU = Release|Any CPU
	EndGlobalSection
	GlobalSection(ProjectConfigurationPlatforms) = postSolution
		{A0B56DDD-F6B6-4564-8313-9A4AFB13C48A}.Debug|Any CPU.ActiveCfg = Debug|Any CPU
		{A0B56DDD-F6B6-4564-8313-9A4AFB13C48A}.Debug|Any CPU.Build.0 = Debug|Any CPU
		{A0B56DDD-F6B6-4564-8313-9A4AFB13C48A}.Release|Any CPU.ActiveCfg = Release|Any CPU
		{A0B56DDD-F6B6-4564-8313-9A4AFB13C48A}.Release|Any CPU.Build.0 = Release|Any CPU
		{1F32A447-98BC-4B2F-86C0-7E6AA92BDD86}.Debug|Any CPU.ActiveCfg = Debug|Any CPU
		{1F32A447-98BC-4B2F-86C0-7E6AA92BDD86}.Debug|Any CPU.Build.0 = Debug|Any CPU
		{1F32A447-98BC-4B2F-86C0-7E6AA92BDD86}.Debug|Any CPU.Deploy.0 = Debug|Any CPU
		{1F32A447-98BC-4B2F-86C0-7E6AA92BDD86}.Release|Any CPU.ActiveCfg = Release|Any CPU
		{1F32A447-98BC-4B2F-86C0-7E6AA92BDD86}.Release|Any CPU.Build.0 = Release|Any CPU
		{1F32A447-98BC-4B2F-86C0-7E6AA92BDD86}.Release|Any CPU.Deploy.0 = Release|Any CPU
		{AAF9DB32-7C93-4B65-864A-9CF03CB5EBFB}.Debug|Any CPU.ActiveCfg = Debug|Any CPU
		{AAF9DB32-7C93-4B65-864A-9CF03CB5EBFB}.Debug|Any CPU.Build.0 = Debug|Any CPU
		{AAF9DB32-7C93-4B65-864A-9CF03CB5EBFB}.Release|Any CPU.ActiveCfg = Release|Any CPU
		{AAF9DB32-7C93-4B65-864A-9CF03CB5EBFB}.Release|Any CPU.Build.0 = Release|Any CPU
		{97023B07-6260-4F0E-81FA-4DD0A69EEC2F}.Debug|Any CPU.ActiveCfg = Debug|Any CPU
		{97023B07-6260-4F0E-81FA-4DD0A69EEC2F}.Debug|Any CPU.Build.0 = Debug|Any CPU
		{97023B07-6260-4F0E-81FA-4DD0A69EEC2F}.Release|Any CPU.ActiveCfg = Release|Any CPU
		{97023B07-6260-4F0E-81FA-4DD0A69EEC2F}.Release|Any CPU.Build.0 = Release|Any CPU
		{B27A8528-C01E-4B76-A95B-55CE3F0D4B0F}.Debug|Any CPU.ActiveCfg = Debug|Any CPU
		{B27A8528-C01E-4B76-A95B-55CE3F0D4B0F}.Debug|Any CPU.Build.0 = Debug|Any CPU
		{B27A8528-C01E-4B76-A95B-55CE3F0D4B0F}.Release|Any CPU.ActiveCfg = Release|Any CPU
		{B27A8528-C01E-4B76-A95B-55CE3F0D4B0F}.Release|Any CPU.Build.0 = Release|Any CPU
		{812B2C49-5D1E-4BEF-BBAA-34A39FFEB2A0}.Debug|Any CPU.ActiveCfg = Debug|Any CPU
		{812B2C49-5D1E-4BEF-BBAA-34A39FFEB2A0}.Debug|Any CPU.Build.0 = Debug|Any CPU
		{812B2C49-5D1E-4BEF-BBAA-34A39FFEB2A0}.Release|Any CPU.ActiveCfg = Release|Any CPU
		{812B2C49-5D1E-4BEF-BBAA-34A39FFEB2A0}.Release|Any CPU.Build.0 = Release|Any CPU
	EndGlobalSection
	GlobalSection(SolutionProperties) = preSolution
		HideSolutionNode = FALSE
	EndGlobalSection
	GlobalSection(NestedProjects) = preSolution
		{A0B56DDD-F6B6-4564-8313-9A4AFB13C48A} = {4520C712-5FB0-4355-8500-4183E19DE7F5}
		{1F32A447-98BC-4B2F-86C0-7E6AA92BDD86} = {4520C712-5FB0-4355-8500-4183E19DE7F5}
		{AAF9DB32-7C93-4B65-864A-9CF03CB5EBFB} = {6CB0B485-798D-4A14-924B-3CB8293ADEA3}
		{97023B07-6260-4F0E-81FA-4DD0A69EEC2F} = {B6C531E3-90E7-4414-9412-240E300C788C}
		{B27A8528-C01E-4B76-A95B-55CE3F0D4B0F} = {B6C531E3-90E7-4414-9412-240E300C788C}
		{812B2C49-5D1E-4BEF-BBAA-34A39FFEB2A0} = {5BF6415A-D4B8-4A91-9804-1EDE2E925818}
	EndGlobalSection
	GlobalSection(ExtensibilityGlobals) = postSolution
		SolutionGuid = {B3EABC04-6662-4CB9-9BF0-3DFDC3F201FB}
	EndGlobalSection
EndGlobal
